
Microsoft Visual Studio Solution File, Format Version 12.00
# Visual Studio 15
VisualStudioVersion = 15.0.27130.2024
MinimumVisualStudioVersion = 10.0.40219.1
Project("{FAE04EC0-301F-11D3-BF4B-00C04F79EFBC}") = "Reflection", "Refleksja\Reflection.csproj", "{10C675A5-92A6-4D0B-9D87-082EFA82AB6C}"
EndProject
Project("{FAE04EC0-301F-11D3-BF4B-00C04F79EFBC}") = "Dependent", "Dependent\Dependent.csproj", "{F3349370-2261-4213-9F47-090256E73781}"
EndProject
Project("{FAE04EC0-301F-11D3-BF4B-00C04F79EFBC}") = "Jfk.Prism", "Jfk.Prism\Jfk.Prism.csproj", "{5C62DB8F-651F-404E-9D52-F70C2CD704B0}"
EndProject
Project("{FAE04EC0-301F-11D3-BF4B-00C04F79EFBC}") = "Dependent2", "Dependent2\Dependent2.csproj", "{436AAE6A-17DA-4898-A4FA-D9336DE013F1}"
EndProject
Global
	GlobalSection(SolutionConfigurationPlatforms) = preSolution
		Debug|Any CPU = Debug|Any CPU
		Release|Any CPU = Release|Any CPU
	EndGlobalSection
	GlobalSection(ProjectConfigurationPlatforms) = postSolution
		{10C675A5-92A6-4D0B-9D87-082EFA82AB6C}.Debug|Any CPU.ActiveCfg = Debug|Any CPU
		{10C675A5-92A6-4D0B-9D87-082EFA82AB6C}.Debug|Any CPU.Build.0 = Debug|Any CPU
		{10C675A5-92A6-4D0B-9D87-082EFA82AB6C}.Release|Any CPU.ActiveCfg = Release|Any CPU
		{10C675A5-92A6-4D0B-9D87-082EFA82AB6C}.Release|Any CPU.Build.0 = Release|Any CPU
		{F3349370-2261-4213-9F47-090256E73781}.Debug|Any CPU.ActiveCfg = Debug|Any CPU
		{F3349370-2261-4213-9F47-090256E73781}.Debug|Any CPU.Build.0 = Debug|Any CPU
		{F3349370-2261-4213-9F47-090256E73781}.Release|Any CPU.ActiveCfg = Release|Any CPU
		{F3349370-2261-4213-9F47-090256E73781}.Release|Any CPU.Build.0 = Release|Any CPU
		{5C62DB8F-651F-404E-9D52-F70C2CD704B0}.Debug|Any CPU.ActiveCfg = Debug|Any CPU
		{5C62DB8F-651F-404E-9D52-F70C2CD704B0}.Debug|Any CPU.Build.0 = Debug|Any CPU
		{5C62DB8F-651F-404E-9D52-F70C2CD704B0}.Release|Any CPU.ActiveCfg = Release|Any CPU
		{5C62DB8F-651F-404E-9D52-F70C2CD704B0}.Release|Any CPU.Build.0 = Release|Any CPU
		{436AAE6A-17DA-4898-A4FA-D9336DE013F1}.Debug|Any CPU.ActiveCfg = Debug|Any CPU
		{436AAE6A-17DA-4898-A4FA-D9336DE013F1}.Debug|Any CPU.Build.0 = Debug|Any CPU
		{436AAE6A-17DA-4898-A4FA-D9336DE013F1}.Release|Any CPU.ActiveCfg = Release|Any CPU
		{436AAE6A-17DA-4898-A4FA-D9336DE013F1}.Release|Any CPU.Build.0 = Release|Any CPU
	EndGlobalSection
	GlobalSection(SolutionProperties) = preSolution
		HideSolutionNode = FALSE
	EndGlobalSection
	GlobalSection(ExtensibilityGlobals) = postSolution
		SolutionGuid = {95E45B1F-2898-4F50-866C-90871BE84599}
	EndGlobalSection
EndGlobal
